// !$*UTF8*$!
{
	archiveVersion = 1;
	classes = {
	};
	objectVersion = 56;
	objects = {

/* Begin PBXBuildFile section */
		2B06D5672AB1AB84001059C0 /* ContentView.swift in Sources */ = {isa = PBXBuildFile; fileRef = 2B06D5662AB1AB84001059C0 /* ContentView.swift */; };
		2B5218482AAF52C700B5836A /* APIService.swift in Sources */ = {isa = PBXBuildFile; fileRef = 2B5218472AAF52C700B5836A /* APIService.swift */; };
		2B52184B2AAF59B600B5836A /* APIClient.swift in Sources */ = {isa = PBXBuildFile; fileRef = 2B52184A2AAF59B600B5836A /* APIClient.swift */; };
		2B52184D2AAF5CB600B5836A /* APIRequest.swift in Sources */ = {isa = PBXBuildFile; fileRef = 2B52184C2AAF5CB600B5836A /* APIRequest.swift */; };
		2B52184F2AAF5CD000B5836A /* AddressRequest.swift in Sources */ = {isa = PBXBuildFile; fileRef = 2B52184E2AAF5CD000B5836A /* AddressRequest.swift */; };
		2BB70F7F2A6955DE007E625E /* iOS_LiveCode_TestApp.swift in Sources */ = {isa = PBXBuildFile; fileRef = 2BB70F7E2A6955DE007E625E /* iOS_LiveCode_TestApp.swift */; };
		2BB70F832A6955DF007E625E /* Assets.xcassets in Resources */ = {isa = PBXBuildFile; fileRef = 2BB70F822A6955DF007E625E /* Assets.xcassets */; };
		2BB70F862A6955DF007E625E /* Preview Assets.xcassets in Resources */ = {isa = PBXBuildFile; fileRef = 2BB70F852A6955DF007E625E /* Preview Assets.xcassets */; };
		2BB70F992A697743007E625E /* iOS_LiveCode_TestTests.swift in Sources */ = {isa = PBXBuildFile; fileRef = 2BB70F982A697743007E625E /* iOS_LiveCode_TestTests.swift */; };
/* End PBXBuildFile section */

/* Begin PBXContainerItemProxy section */
		2BB70F9A2A697743007E625E /* PBXContainerItemProxy */ = {
			isa = PBXContainerItemProxy;
			containerPortal = 2BB70F732A6955DE007E625E /* Project object */;
			proxyType = 1;
			remoteGlobalIDString = 2BB70F7A2A6955DE007E625E;
			remoteInfo = "iOS-LiveCode-Test";
		};
/* End PBXContainerItemProxy section */

/* Begin PBXFileReference section */
		2B06D5662AB1AB84001059C0 /* ContentView.swift */ = {isa = PBXFileReference; lastKnownFileType = sourcecode.swift; path = ContentView.swift; sourceTree = "<group>"; };
		2B5218472AAF52C700B5836A /* APIService.swift */ = {isa = PBXFileReference; lastKnownFileType = sourcecode.swift; path = APIService.swift; sourceTree = "<group>"; };
		2B52184A2AAF59B600B5836A /* APIClient.swift */ = {isa = PBXFileReference; lastKnownFileType = sourcecode.swift; path = APIClient.swift; sourceTree = "<group>"; };
		2B52184C2AAF5CB600B5836A /* APIRequest.swift */ = {isa = PBXFileReference; lastKnownFileType = sourcecode.swift; path = APIRequest.swift; sourceTree = "<group>"; };
		2B52184E2AAF5CD000B5836A /* AddressRequest.swift */ = {isa = PBXFileReference; lastKnownFileType = sourcecode.swift; path = AddressRequest.swift; sourceTree = "<group>"; };
		2BB70F7B2A6955DE007E625E /* iOS-LiveCode-Test.app */ = {isa = PBXFileReference; explicitFileType = wrapper.application; includeInIndex = 0; path = "iOS-LiveCode-Test.app"; sourceTree = BUILT_PRODUCTS_DIR; };
		2BB70F7E2A6955DE007E625E /* iOS_LiveCode_TestApp.swift */ = {isa = PBXFileReference; lastKnownFileType = sourcecode.swift; path = iOS_LiveCode_TestApp.swift; sourceTree = "<group>"; };
		2BB70F822A6955DF007E625E /* Assets.xcassets */ = {isa = PBXFileReference; lastKnownFileType = folder.assetcatalog; path = Assets.xcassets; sourceTree = "<group>"; };
		2BB70F852A6955DF007E625E /* Preview Assets.xcassets */ = {isa = PBXFileReference; lastKnownFileType = folder.assetcatalog; path = "Preview Assets.xcassets"; sourceTree = "<group>"; };
		2BB70F962A697742007E625E /* iOS-LiveCode-TestTests.xctest */ = {isa = PBXFileReference; explicitFileType = wrapper.cfbundle; includeInIndex = 0; path = "iOS-LiveCode-TestTests.xctest"; sourceTree = BUILT_PRODUCTS_DIR; };
		2BB70F982A697743007E625E /* iOS_LiveCode_TestTests.swift */ = {isa = PBXFileReference; lastKnownFileType = sourcecode.swift; path = iOS_LiveCode_TestTests.swift; sourceTree = "<group>"; };
/* End PBXFileReference section */

/* Begin PBXFrameworksBuildPhase section */
		2BB70F782A6955DE007E625E /* Frameworks */ = {
			isa = PBXFrameworksBuildPhase;
			buildActionMask = 2147483647;
			files = (
			);
			runOnlyForDeploymentPostprocessing = 0;
		};
		2BB70F932A697742007E625E /* Frameworks */ = {
			isa = PBXFrameworksBuildPhase;
			buildActionMask = 2147483647;
			files = (
			);
			runOnlyForDeploymentPostprocessing = 0;
		};
/* End PBXFrameworksBuildPhase section */

/* Begin PBXGroup section */
		2B5218492AAF52CD00B5836A /* APIServices */ = {
			isa = PBXGroup;
			children = (
				2B5218472AAF52C700B5836A /* APIService.swift */,
				2B52184A2AAF59B600B5836A /* APIClient.swift */,
				2B52184C2AAF5CB600B5836A /* APIRequest.swift */,
				2B52184E2AAF5CD000B5836A /* AddressRequest.swift */,
			);
			path = APIServices;
			sourceTree = "<group>";
		};
		2BB70F722A6955DE007E625E = {
			isa = PBXGroup;
			children = (
				2BB70F7D2A6955DE007E625E /* iOS-LiveCode-Test */,
				2BB70F972A697743007E625E /* iOS-LiveCode-TestTests */,
				2BB70F7C2A6955DE007E625E /* Products */,
			);
			sourceTree = "<group>";
		};
		2BB70F7C2A6955DE007E625E /* Products */ = {
			isa = PBXGroup;
			children = (
				2BB70F7B2A6955DE007E625E /* iOS-LiveCode-Test.app */,
				2BB70F962A697742007E625E /* iOS-LiveCode-TestTests.xctest */,
			);
			name = Products;
			sourceTree = "<group>";
		};
		2BB70F7D2A6955DE007E625E /* iOS-LiveCode-Test */ = {
			isa = PBXGroup;
			children = (
				2BB70F7E2A6955DE007E625E /* iOS_LiveCode_TestApp.swift */,
				2B06D5662AB1AB84001059C0 /* ContentView.swift */,
				2B5218492AAF52CD00B5836A /* APIServices */,
				2BB70F842A6955DF007E625E /* Preview Content */,
				2BB70F822A6955DF007E625E /* Assets.xcassets */,
			);
			path = "iOS-LiveCode-Test";
			sourceTree = "<group>";
		};
		2BB70F842A6955DF007E625E /* Preview Content */ = {
			isa = PBXGroup;
			children = (
				2BB70F852A6955DF007E625E /* Preview Assets.xcassets */,
			);
			path = "Preview Content";
			sourceTree = "<group>";
		};
		2BB70F972A697743007E625E /* iOS-LiveCode-TestTests */ = {
			isa = PBXGroup;
			children = (
				2BB70F982A697743007E625E /* iOS_LiveCode_TestTests.swift */,
			);
			path = "iOS-LiveCode-TestTests";
			sourceTree = "<group>";
		};
/* End PBXGroup section */

/* Begin PBXNativeTarget section */
		2BB70F7A2A6955DE007E625E /* iOS-LiveCode-Test */ = {
			isa = PBXNativeTarget;
			buildConfigurationList = 2BB70F892A6955DF007E625E /* Build configuration list for PBXNativeTarget "iOS-LiveCode-Test" */;
			buildPhases = (
				2BB70F772A6955DE007E625E /* Sources */,
				2BB70F782A6955DE007E625E /* Frameworks */,
				2BB70F792A6955DE007E625E /* Resources */,
			);
			buildRules = (
			);
			dependencies = (
			);
			name = "iOS-LiveCode-Test";
			productName = "iOS-LiveCode-Test";
			productReference = 2BB70F7B2A6955DE007E625E /* iOS-LiveCode-Test.app */;
			productType = "com.apple.product-type.application";
		};
		2BB70F952A697742007E625E /* iOS-LiveCode-TestTests */ = {
			isa = PBXNativeTarget;
			buildConfigurationList = 2BB70F9C2A697743007E625E /* Build configuration list for PBXNativeTarget "iOS-LiveCode-TestTests" */;
			buildPhases = (
				2BB70F922A697742007E625E /* Sources */,
				2BB70F932A697742007E625E /* Frameworks */,
				2BB70F942A697742007E625E /* Resources */,
			);
			buildRules = (
			);
			dependencies = (
				2BB70F9B2A697743007E625E /* PBXTargetDependency */,
			);
			name = "iOS-LiveCode-TestTests";
			productName = "iOS-LiveCode-TestTests";
			productReference = 2BB70F962A697742007E625E /* iOS-LiveCode-TestTests.xctest */;
			productType = "com.apple.product-type.bundle.unit-test";
		};
/* End PBXNativeTarget section */

/* Begin PBXProject section */
		2BB70F732A6955DE007E625E /* Project object */ = {
			isa = PBXProject;
			attributes = {
				BuildIndependentTargetsInParallel = 1;
				LastSwiftUpdateCheck = 1430;
				LastUpgradeCheck = 1430;
				TargetAttributes = {
					2BB70F7A2A6955DE007E625E = {
						CreatedOnToolsVersion = 14.3.1;
					};
					2BB70F952A697742007E625E = {
						CreatedOnToolsVersion = 14.3.1;
						TestTargetID = 2BB70F7A2A6955DE007E625E;
					};
				};
			};
			buildConfigurationList = 2BB70F762A6955DE007E625E /* Build configuration list for PBXProject "iOS-LiveCode-Test" */;
			compatibilityVersion = "Xcode 14.0";
			developmentRegion = en;
			hasScannedForEncodings = 0;
			knownRegions = (
				en,
				Base,
			);
			mainGroup = 2BB70F722A6955DE007E625E;
			productRefGroup = 2BB70F7C2A6955DE007E625E /* Products */;
			projectDirPath = "";
			projectRoot = "";
			targets = (
				2BB70F7A2A6955DE007E625E /* iOS-LiveCode-Test */,
				2BB70F952A697742007E625E /* iOS-LiveCode-TestTests */,
			);
		};
/* End PBXProject section */

/* Begin PBXResourcesBuildPhase section */
		2BB70F792A6955DE007E625E /* Resources */ = {
			isa = PBXResourcesBuildPhase;
			buildActionMask = 2147483647;
			files = (
				2BB70F862A6955DF007E625E /* Preview Assets.xcassets in Resources */,
				2BB70F832A6955DF007E625E /* Assets.xcassets in Resources */,
			);
			runOnlyForDeploymentPostprocessing = 0;
		};
		2BB70F942A697742007E625E /* Resources */ = {
			isa = PBXResourcesBuildPhase;
			buildActionMask = 2147483647;
			files = (
			);
			runOnlyForDeploymentPostprocessing = 0;
		};
/* End PBXResourcesBuildPhase section */

/* Begin PBXSourcesBuildPhase section */
		2BB70F772A6955DE007E625E /* Sources */ = {
			isa = PBXSourcesBuildPhase;
			buildActionMask = 2147483647;
			files = (
				2B52184D2AAF5CB600B5836A /* APIRequest.swift in Sources */,
				2B5218482AAF52C700B5836A /* APIService.swift in Sources */,
				2B06D5672AB1AB84001059C0 /* ContentView.swift in Sources */,
				2BB70F7F2A6955DE007E625E /* iOS_LiveCode_TestApp.swift in Sources */,
				2B52184F2AAF5CD000B5836A /* AddressRequest.swift in Sources */,
				2B52184B2AAF59B600B5836A /* APIClient.swift in Sources */,
			);
			runOnlyForDeploymentPostprocessing = 0;
		};
		2BB70F922A697742007E625E /* Sources */ = {
			isa = PBXSourcesBuildPhase;
			buildActionMask = 2147483647;
			files = (
				2BB70F992A697743007E625E /* iOS_LiveCode_TestTests.swift in Sources */,
			);
			runOnlyForDeploymentPostprocessing = 0;
		};
/* End PBXSourcesBuildPhase section */

/* Begin PBXTargetDependency section */
		2BB70F9B2A697743007E625E /* PBXTargetDependency */ = {
			isa = PBXTargetDependency;
			target = 2BB70F7A2A6955DE007E625E /* iOS-LiveCode-Test */;
			targetProxy = 2BB70F9A2A697743007E625E /* PBXContainerItemProxy */;
		};
/* End PBXTargetDependency section */

/* Begin XCBuildConfiguration section */
		2BB70F872A6955DF007E625E /* Debug */ = {
			isa = XCBuildConfiguration;
			buildSettings = {
				ALWAYS_SEARCH_USER_PATHS = NO;
				CLANG_ANALYZER_NONNULL = YES;
				CLANG_ANALYZER_NUMBER_OBJECT_CONVERSION = YES_AGGRESSIVE;
				CLANG_CXX_LANGUAGE_STANDARD = "gnu++20";
				CLANG_ENABLE_MODULES = YES;
				CLANG_ENABLE_OBJC_ARC = YES;
				CLANG_ENABLE_OBJC_WEAK = YES;
				CLANG_WARN_BLOCK_CAPTURE_AUTORELEASING = YES;
				CLANG_WARN_BOOL_CONVERSION = YES;
				CLANG_WARN_COMMA = YES;
				CLANG_WARN_CONSTANT_CONVERSION = YES;
				CLANG_WARN_DEPRECATED_OBJC_IMPLEMENTATIONS = YES;
				CLANG_WARN_DIRECT_OBJC_ISA_USAGE = YES_ERROR;
				CLANG_WARN_DOCUMENTATION_COMMENTS = YES;
				CLANG_WARN_EMPTY_BODY = YES;
				CLANG_WARN_ENUM_CONVERSION = YES;
				CLANG_WARN_INFINITE_RECURSION = YES;
				CLANG_WARN_INT_CONVERSION = YES;
				CLANG_WARN_NON_LITERAL_NULL_CONVERSION = YES;
				CLANG_WARN_OBJC_IMPLICIT_RETAIN_SELF = YES;
				CLANG_WARN_OBJC_LITERAL_CONVERSION = YES;
				CLANG_WARN_OBJC_ROOT_CLASS = YES_ERROR;
				CLANG_WARN_QUOTED_INCLUDE_IN_FRAMEWORK_HEADER = YES;
				CLANG_WARN_RANGE_LOOP_ANALYSIS = YES;
				CLANG_WARN_STRICT_PROTOTYPES = YES;
				CLANG_WARN_SUSPICIOUS_MOVE = YES;
				CLANG_WARN_UNGUARDED_AVAILABILITY = YES_AGGRESSIVE;
				CLANG_WARN_UNREACHABLE_CODE = YES;
				CLANG_WARN__DUPLICATE_METHOD_MATCH = YES;
				COPY_PHASE_STRIP = NO;
				DEBUG_INFORMATION_FORMAT = dwarf;
				ENABLE_STRICT_OBJC_MSGSEND = YES;
				ENABLE_TESTABILITY = YES;
				GCC_C_LANGUAGE_STANDARD = gnu11;
				GCC_DYNAMIC_NO_PIC = NO;
				GCC_NO_COMMON_BLOCKS = YES;
				GCC_OPTIMIZATION_LEVEL = 0;
				GCC_PREPROCESSOR_DEFINITIONS = (
					"DEBUG=1",
					"$(inherited)",
				);
				GCC_WARN_64_TO_32_BIT_CONVERSION = YES;
				GCC_WARN_ABOUT_RETURN_TYPE = YES_ERROR;
				GCC_WARN_UNDECLARED_SELECTOR = YES;
				GCC_WARN_UNINITIALIZED_AUTOS = YES_AGGRESSIVE;
				GCC_WARN_UNUSED_FUNCTION = YES;
				GCC_WARN_UNUSED_VARIABLE = YES;
				IPHONEOS_DEPLOYMENT_TARGET = 16.4;
				MTL_ENABLE_DEBUG_INFO = INCLUDE_SOURCE;
				MTL_FAST_MATH = YES;
				ONLY_ACTIVE_ARCH = YES;
				SDKROOT = iphoneos;
				SWIFT_ACTIVE_COMPILATION_CONDITIONS = DEBUG;
				SWIFT_OPTIMIZATION_LEVEL = "-Onone";
			};
			name = Debug;
		};
		2BB70F882A6955DF007E625E /* Release */ = {
			isa = XCBuildConfiguration;
			buildSettings = {
				ALWAYS_SEARCH_USER_PATHS = NO;
				CLANG_ANALYZER_NONNULL = YES;
				CLANG_ANALYZER_NUMBER_OBJECT_CONVERSION = YES_AGGRESSIVE;
				CLANG_CXX_LANGUAGE_STANDARD = "gnu++20";
				CLANG_ENABLE_MODULES = YES;
				CLANG_ENABLE_OBJC_ARC = YES;
				CLANG_ENABLE_OBJC_WEAK = YES;
				CLANG_WARN_BLOCK_CAPTURE_AUTORELEASING = YES;
				CLANG_WARN_BOOL_CONVERSION = YES;
				CLANG_WARN_COMMA = YES;
				CLANG_WARN_CONSTANT_CONVERSION = YES;
				CLANG_WARN_DEPRECATED_OBJC_IMPLEMENTATIONS = YES;
				CLANG_WARN_DIRECT_OBJC_ISA_USAGE = YES_ERROR;
				CLANG_WARN_DOCUMENTATION_COMMENTS = YES;
				CLANG_WARN_EMPTY_BODY = YES;
				CLANG_WARN_ENUM_CONVERSION = YES;
				CLANG_WARN_INFINITE_RECURSION = YES;
				CLANG_WARN_INT_CONVERSION = YES;
				CLANG_WARN_NON_LITERAL_NULL_CONVERSION = YES;
				CLANG_WARN_OBJC_IMPLICIT_RETAIN_SELF = YES;
				CLANG_WARN_OBJC_LITERAL_CONVERSION = YES;
				CLANG_WARN_OBJC_ROOT_CLASS = YES_ERROR;
				CLANG_WARN_QUOTED_INCLUDE_IN_FRAMEWORK_HEADER = YES;
				CLANG_WARN_RANGE_LOOP_ANALYSIS = YES;
				CLANG_WARN_STRICT_PROTOTYPES = YES;
				CLANG_WARN_SUSPICIOUS_MOVE = YES;
				CLANG_WARN_UNGUARDED_AVAILABILITY = YES_AGGRESSIVE;
				CLANG_WARN_UNREACHABLE_CODE = YES;
				CLANG_WARN__DUPLICATE_METHOD_MATCH = YES;
				COPY_PHASE_STRIP = NO;
				DEBUG_INFORMATION_FORMAT = "dwarf-with-dsym";
				ENABLE_NS_ASSERTIONS = NO;
				ENABLE_STRICT_OBJC_MSGSEND = YES;
				GCC_C_LANGUAGE_STANDARD = gnu11;
				GCC_NO_COMMON_BLOCKS = YES;
				GCC_WARN_64_TO_32_BIT_CONVERSION = YES;
				GCC_WARN_ABOUT_RETURN_TYPE = YES_ERROR;
				GCC_WARN_UNDECLARED_SELECTOR = YES;
				GCC_WARN_UNINITIALIZED_AUTOS = YES_AGGRESSIVE;
				GCC_WARN_UNUSED_FUNCTION = YES;
				GCC_WARN_UNUSED_VARIABLE = YES;
				IPHONEOS_DEPLOYMENT_TARGET = 16.4;
				MTL_ENABLE_DEBUG_INFO = NO;
				MTL_FAST_MATH = YES;
				SDKROOT = iphoneos;
				SWIFT_COMPILATION_MODE = wholemodule;
				SWIFT_OPTIMIZATION_LEVEL = "-O";
				VALIDATE_PRODUCT = YES;
			};
			name = Release;
		};
		2BB70F8A2A6955DF007E625E /* Debug */ = {
			isa = XCBuildConfiguration;
			buildSettings = {
				ASSETCATALOG_COMPILER_APPICON_NAME = AppIcon;
				ASSETCATALOG_COMPILER_GLOBAL_ACCENT_COLOR_NAME = AccentColor;
				CODE_SIGN_STYLE = Automatic;
				CURRENT_PROJECT_VERSION = 1;
				DEVELOPMENT_ASSET_PATHS = "\"iOS-LiveCode-Test/Preview Content\"";
				DEVELOPMENT_TEAM = A339FV6Q99;
				ENABLE_PREVIEWS = YES;
				GENERATE_INFOPLIST_FILE = YES;
				INFOPLIST_KEY_UIApplicationSceneManifest_Generation = YES;
				INFOPLIST_KEY_UIApplicationSupportsIndirectInputEvents = YES;
				INFOPLIST_KEY_UILaunchScreen_Generation = YES;
				INFOPLIST_KEY_UISupportedInterfaceOrientations_iPad = "UIInterfaceOrientationPortrait UIInterfaceOrientationPortraitUpsideDown UIInterfaceOrientationLandscapeLeft UIInterfaceOrientationLandscapeRight";
				INFOPLIST_KEY_UISupportedInterfaceOrientations_iPhone = "UIInterfaceOrientationPortrait UIInterfaceOrientationLandscapeLeft UIInterfaceOrientationLandscapeRight";
				LD_RUNPATH_SEARCH_PATHS = (
					"$(inherited)",
					"@executable_path/Frameworks",
				);
				MARKETING_VERSION = 1.0;
				PRODUCT_BUNDLE_IDENTIFIER = "app.thirdfort.ios.sandbox.iOS-LiveCode-Test";
				PRODUCT_NAME = "$(TARGET_NAME)";
				SUPPORTED_PLATFORMS = "iphoneos iphonesimulator";
				SUPPORTS_MACCATALYST = NO;
				SUPPORTS_MAC_DESIGNED_FOR_IPHONE_IPAD = YES;
				SWIFT_EMIT_LOC_STRINGS = YES;
				SWIFT_VERSION = 5.0;
				TARGETED_DEVICE_FAMILY = 1;
			};
			name = Debug;
		};
		2BB70F8B2A6955DF007E625E /* Release */ = {
			isa = XCBuildConfiguration;
			buildSettings = {
				ASSETCATALOG_COMPILER_APPICON_NAME = AppIcon;
				ASSETCATALOG_COMPILER_GLOBAL_ACCENT_COLOR_NAME = AccentColor;
				CODE_SIGN_STYLE = Automatic;
				CURRENT_PROJECT_VERSION = 1;
				DEVELOPMENT_ASSET_PATHS = "\"iOS-LiveCode-Test/Preview Content\"";
				DEVELOPMENT_TEAM = A339FV6Q99;
				ENABLE_PREVIEWS = YES;
				GENERATE_INFOPLIST_FILE = YES;
				INFOPLIST_KEY_UIApplicationSceneManifest_Generation = YES;
				INFOPLIST_KEY_UIApplicationSupportsIndirectInputEvents = YES;
				INFOPLIST_KEY_UILaunchScreen_Generation = YES;
				INFOPLIST_KEY_UISupportedInterfaceOrientations_iPad = "UIInterfaceOrientationPortrait UIInterfaceOrientationPortraitUpsideDown UIInterfaceOrientationLandscapeLeft UIInterfaceOrientationLandscapeRight";
				INFOPLIST_KEY_UISupportedInterfaceOrientations_iPhone = "UIInterfaceOrientationPortrait UIInterfaceOrientationLandscapeLeft UIInterfaceOrientationLandscapeRight";
				LD_RUNPATH_SEARCH_PATHS = (
					"$(inherited)",
					"@executable_path/Frameworks",
				);
				MARKETING_VERSION = 1.0;
				PRODUCT_BUNDLE_IDENTIFIER = "app.thirdfort.ios.sandbox.iOS-LiveCode-Test";
				PRODUCT_NAME = "$(TARGET_NAME)";
				SUPPORTED_PLATFORMS = "iphoneos iphonesimulator";
				SUPPORTS_MACCATALYST = NO;
				SUPPORTS_MAC_DESIGNED_FOR_IPHONE_IPAD = YES;
				SWIFT_EMIT_LOC_STRINGS = YES;
				SWIFT_VERSION = 5.0;
				TARGETED_DEVICE_FAMILY = 1;
			};
			name = Release;
		};
		2BB70F9D2A697743007E625E /* Debug */ = {
			isa = XCBuildConfiguration;
			buildSettings = {
				BUNDLE_LOADER = "$(TEST_HOST)";
				CODE_SIGN_STYLE = Automatic;
				CURRENT_PROJECT_VERSION = 1;
				DEVELOPMENT_TEAM = A339FV6Q99;
				GENERATE_INFOPLIST_FILE = YES;
				MARKETING_VERSION = 1.0;
				PRODUCT_BUNDLE_IDENTIFIER = "app.thirdfort.ios.sandbox.iOS-LiveCode-TestTests";
				PRODUCT_NAME = "$(TARGET_NAME)";
				SUPPORTED_PLATFORMS = "iphoneos iphonesimulator";
				SUPPORTS_MACCATALYST = NO;
				SUPPORTS_MAC_DESIGNED_FOR_IPHONE_IPAD = YES;
				SWIFT_EMIT_LOC_STRINGS = NO;
				SWIFT_VERSION = 5.0;
				TARGETED_DEVICE_FAMILY = 1;
				TEST_HOST = "$(BUILT_PRODUCTS_DIR)/iOS-LiveCode-Test.app/$(BUNDLE_EXECUTABLE_FOLDER_PATH)/iOS-LiveCode-Test";
			};
			name = Debug;
		};
		2BB70F9E2A697743007E625E /* Release */ = {
			isa = XCBuildConfiguration;
			buildSettings = {
				BUNDLE_LOADER = "$(TEST_HOST)";
				CODE_SIGN_STYLE = Automatic;
				CURRENT_PROJECT_VERSION = 1;
				DEVELOPMENT_TEAM = A339FV6Q99;
				GENERATE_INFOPLIST_FILE = YES;
				MARKETING_VERSION = 1.0;
				PRODUCT_BUNDLE_IDENTIFIER = "app.thirdfort.ios.sandbox.iOS-LiveCode-TestTests";
				PRODUCT_NAME = "$(TARGET_NAME)";
				SUPPORTED_PLATFORMS = "iphoneos iphonesimulator";
				SUPPORTS_MACCATALYST = NO;
				SUPPORTS_MAC_DESIGNED_FOR_IPHONE_IPAD = YES;
				SWIFT_EMIT_LOC_STRINGS = NO;
				SWIFT_VERSION = 5.0;
				TARGETED_DEVICE_FAMILY = 1;
				TEST_HOST = "$(BUILT_PRODUCTS_DIR)/iOS-LiveCode-Test.app/$(BUNDLE_EXECUTABLE_FOLDER_PATH)/iOS-LiveCode-Test";
			};
			name = Release;
		};
/* End XCBuildConfiguration section */

/* Begin XCConfigurationList section */
		2BB70F762A6955DE007E625E /* Build configuration list for PBXProject "iOS-LiveCode-Test" */ = {
			isa = XCConfigurationList;
			buildConfigurations = (
				2BB70F872A6955DF007E625E /* Debug */,
				2BB70F882A6955DF007E625E /* Release */,
			);
			defaultConfigurationIsVisible = 0;
			defaultConfigurationName = Release;
		};
		2BB70F892A6955DF007E625E /* Build configuration list for PBXNativeTarget "iOS-LiveCode-Test" */ = {
			isa = XCConfigurationList;
			buildConfigurations = (
				2BB70F8A2A6955DF007E625E /* Debug */,
				2BB70F8B2A6955DF007E625E /* Release */,
			);
			defaultConfigurationIsVisible = 0;
			defaultConfigurationName = Release;
		};
		2BB70F9C2A697743007E625E /* Build configuration list for PBXNativeTarget "iOS-LiveCode-TestTests" */ = {
			isa = XCConfigurationList;
			buildConfigurations = (
				2BB70F9D2A697743007E625E /* Debug */,
				2BB70F9E2A697743007E625E /* Release */,
			);
			defaultConfigurationIsVisible = 0;
			defaultConfigurationName = Release;
		};
/* End XCConfigurationList section */
	};
	rootObject = 2BB70F732A6955DE007E625E /* Project object */;
}
